
Microsoft Visual Studio Solution File, Format Version 12.00
# Visual Studio 15
VisualStudioVersion = 15.0.27130.2020
MinimumVisualStudioVersion = 10.0.40219.1
Project("{FAE04EC0-301F-11D3-BF4B-00C04F79EFBC}") = "Lab 1 CWEB2010", "Lab 1 CWEB2010\Lab 1 CWEB2010.csproj", "{375F04B0-6088-40D9-90DA-01E73EDEF8EC}"
EndProject
Global
	GlobalSection(SolutionConfigurationPlatforms) = preSolution
		Debug|Any CPU = Debug|Any CPU
		Release|Any CPU = Release|Any CPU
	EndGlobalSection
	GlobalSection(ProjectConfigurationPlatforms) = postSolution
		{375F04B0-6088-40D9-90DA-01E73EDEF8EC}.Debug|Any CPU.ActiveCfg = Debug|Any CPU
		{375F04B0-6088-40D9-90DA-01E73EDEF8EC}.Debug|Any CPU.Build.0 = Debug|Any CPU
		{375F04B0-6088-40D9-90DA-01E73EDEF8EC}.Release|Any CPU.ActiveCfg = Release|Any CPU
		{375F04B0-6088-40D9-90DA-01E73EDEF8EC}.Release|Any CPU.Build.0 = Release|Any CPU
	EndGlobalSection
	GlobalSection(SolutionProperties) = preSolution
		HideSolutionNode = FALSE
	EndGlobalSection
	GlobalSection(ExtensibilityGlobals) = postSolution
		SolutionGuid = {05BA6238-EB92-4A40-BD72-EBFEC0C59482}
	EndGlobalSection
EndGlobal
